Microsoft Visual Studio Solution File, Format Version 12.00
# Visual Studio Version 17
VisualStudioVersion = 17.5.2.0
MinimumVisualStudioVersion = 10.0.40219.1
Project("{FAE04EC0-301F-11D3-BF4B-00C04F79EFBC}") = "LimitedSizeStack", "LimitedSizeStack.csproj", "{28A2E38B-EB38-55BF-1C1B-41C3D56C8FAC}"
EndProject
Global
	GlobalSection(SolutionConfigurationPlatforms) = preSolution
		Debug|Any CPU = Debug|Any CPU
		Release|Any CPU = Release|Any CPU
	EndGlobalSection
	GlobalSection(ProjectConfigurationPlatforms) = postSolution
		{28A2E38B-EB38-55BF-1C1B-41C3D56C8FAC}.Debug|Any CPU.ActiveCfg = Debug|Any CPU
		{28A2E38B-EB38-55BF-1C1B-41C3D56C8FAC}.Debug|Any CPU.Build.0 = Debug|Any CPU
		{28A2E38B-EB38-55BF-1C1B-41C3D56C8FAC}.Release|Any CPU.ActiveCfg = Release|Any CPU
		{28A2E38B-EB38-55BF-1C1B-41C3D56C8FAC}.Release|Any CPU.Build.0 = Release|Any CPU
	EndGlobalSection
	GlobalSection(SolutionProperties) = preSolution
		HideSolutionNode = FALSE
	EndGlobalSection
	GlobalSection(ExtensibilityGlobals) = postSolution
		SolutionGuid = {54E8D0D1-67AA-492B-8E90-59EB34089147}
	EndGlobalSection
EndGlobal
